// !$*UTF8*$!
{
	archiveVersion = 1;
	classes = {
	};
	objectVersion = 48;
	objects = {

/* Begin PBXBuildFile section */
		6FE6FE3C28C4FB4EE25CB2A7 /* Pods_Salt_Collection.framework in Frameworks */ = {isa = PBXBuildFile; fileRef = 88A08A65BE9AE4F155CE09FE /* Pods_Salt_Collection.framework */; };
		D87D6E7C1FB3C85200E5BFD7 /* AppDelegate.swift in Sources */ = {isa = PBXBuildFile; fileRef = D87D6E7B1FB3C85200E5BFD7 /* AppDelegate.swift */; };
		D87D6E7E1FB3C85200E5BFD7 /* ViewController.swift in Sources */ = {isa = PBXBuildFile; fileRef = D87D6E7D1FB3C85200E5BFD7 /* ViewController.swift */; };
		D87D6E811FB3C85200E5BFD7 /* Main.storyboard in Resources */ = {isa = PBXBuildFile; fileRef = D87D6E7F1FB3C85200E5BFD7 /* Main.storyboard */; };
		D87D6E831FB3C85200E5BFD7 /* Assets.xcassets in Resources */ = {isa = PBXBuildFile; fileRef = D87D6E821FB3C85200E5BFD7 /* Assets.xcassets */; };
		D87D6E861FB3C85200E5BFD7 /* LaunchScreen.storyboard in Resources */ = {isa = PBXBuildFile; fileRef = D87D6E841FB3C85200E5BFD7 /* LaunchScreen.storyboard */; };
		D8ABF5EF1FC39B1500562DB5 /* TableViewCellClassTableViewCell.swift in Sources */ = {isa = PBXBuildFile; fileRef = D8ABF5EE1FC39B1500562DB5 /* TableViewCellClassTableViewCell.swift */; };
		D8ABF5F11FC39B2F00562DB5 /* CollectionViewCellClassCollectionViewCell.swift in Sources */ = {isa = PBXBuildFile; fileRef = D8ABF5F01FC39B2F00562DB5 /* CollectionViewCellClassCollectionViewCell.swift */; };
/* End PBXBuildFile section */

/* Begin PBXFileReference section */
		5931E71D2A057D0CD09F45F0 /* Pods-Salt Collection.debug.xcconfig */ = {isa = PBXFileReference; includeInIndex = 1; lastKnownFileType = text.xcconfig; name = "Pods-Salt Collection.debug.xcconfig"; path = "Pods/Target Support Files/Pods-Salt Collection/Pods-Salt Collection.debug.xcconfig"; sourceTree = "<group>"; };
		88A08A65BE9AE4F155CE09FE /* Pods_Salt_Collection.framework */ = {isa = PBXFileReference; explicitFileType = wrapper.framework; includeInIndex = 0; path = Pods_Salt_Collection.framework; sourceTree = BUILT_PRODUCTS_DIR; };
		9F23D5AED551439C819B6E7D /* Pods-Salt Collection.release.xcconfig */ = {isa = PBXFileReference; includeInIndex = 1; lastKnownFileType = text.xcconfig; name = "Pods-Salt Collection.release.xcconfig"; path = "Pods/Target Support Files/Pods-Salt Collection/Pods-Salt Collection.release.xcconfig"; sourceTree = "<group>"; };
		D87D6E781FB3C85200E5BFD7 /* Salt Collection.app */ = {isa = PBXFileReference; explicitFileType = wrapper.application; includeInIndex = 0; path = "Salt Collection.app"; sourceTree = BUILT_PRODUCTS_DIR; };
		D87D6E7B1FB3C85200E5BFD7 /* AppDelegate.swift */ = {isa = PBXFileReference; lastKnownFileType = sourcecode.swift; path = AppDelegate.swift; sourceTree = "<group>"; };
		D87D6E7D1FB3C85200E5BFD7 /* ViewController.swift */ = {isa = PBXFileReference; lastKnownFileType = sourcecode.swift; path = ViewController.swift; sourceTree = "<group>"; };
		D87D6E801FB3C85200E5BFD7 /* Base */ = {isa = PBXFileReference; lastKnownFileType = file.storyboard; name = Base; path = Base.lproj/Main.storyboard; sourceTree = "<group>"; };
		D87D6E821FB3C85200E5BFD7 /* Assets.xcassets */ = {isa = PBXFileReference; lastKnownFileType = folder.assetcatalog; path = Assets.xcassets; sourceTree = "<group>"; };
		D87D6E851FB3C85200E5BFD7 /* Base */ = {isa = PBXFileReference; lastKnownFileType = file.storyboard; name = Base; path = Base.lproj/LaunchScreen.storyboard; sourceTree = "<group>"; };
		D87D6E871FB3C85200E5BFD7 /* Info.plist */ = {isa = PBXFileReference; lastKnownFileType = text.plist.xml; path = Info.plist; sourceTree = "<group>"; };
		D8ABF5EE1FC39B1500562DB5 /* TableViewCellClassTableViewCell.swift */ = {isa = PBXFileReference; lastKnownFileType = sourcecode.swift; path = TableViewCellClassTableViewCell.swift; sourceTree = "<group>"; };
		D8ABF5F01FC39B2F00562DB5 /* CollectionViewCellClassCollectionViewCell.swift */ = {isa = PBXFileReference; lastKnownFileType = sourcecode.swift; path = CollectionViewCellClassCollectionViewCell.swift; sourceTree = "<group>"; };
/* End PBXFileReference section */

/* Begin PBXFrameworksBuildPhase section */
		D87D6E751FB3C85200E5BFD7 /* Frameworks */ = {
			isa = PBXFrameworksBuildPhase;
			buildActionMask = 2147483647;
			files = (
				6FE6FE3C28C4FB4EE25CB2A7 /* Pods_Salt_Collection.framework in Frameworks */,
			);
			runOnlyForDeploymentPostprocessing = 0;
		};
/* End PBXFrameworksBuildPhase section */

/* Begin PBXGroup section */
		65F482093A1D99D27987E0D0 /* Frameworks */ = {
			isa = PBXGroup;
			children = (
				88A08A65BE9AE4F155CE09FE /* Pods_Salt_Collection.framework */,
			);
			name = Frameworks;
			sourceTree = "<group>";
		};
		B15F19B480698021F15DA779 /* Pods */ = {
			isa = PBXGroup;
			children = (
				5931E71D2A057D0CD09F45F0 /* Pods-Salt Collection.debug.xcconfig */,
				9F23D5AED551439C819B6E7D /* Pods-Salt Collection.release.xcconfig */,
			);
			name = Pods;
			sourceTree = "<group>";
		};
		D87D6E6F1FB3C85200E5BFD7 = {
			isa = PBXGroup;
			children = (
				D87D6E7A1FB3C85200E5BFD7 /* Salt Collection */,
				D87D6E791FB3C85200E5BFD7 /* Products */,
				B15F19B480698021F15DA779 /* Pods */,
				65F482093A1D99D27987E0D0 /* Frameworks */,
			);
			sourceTree = "<group>";
		};
		D87D6E791FB3C85200E5BFD7 /* Products */ = {
			isa = PBXGroup;
			children = (
				D87D6E781FB3C85200E5BFD7 /* Salt Collection.app */,
			);
			name = Products;
			sourceTree = "<group>";
		};
		D87D6E7A1FB3C85200E5BFD7 /* Salt Collection */ = {
			isa = PBXGroup;
			children = (
				D87D6E7B1FB3C85200E5BFD7 /* AppDelegate.swift */,
				D87D6E7D1FB3C85200E5BFD7 /* ViewController.swift */,
				D87D6E7F1FB3C85200E5BFD7 /* Main.storyboard */,
				D87D6E821FB3C85200E5BFD7 /* Assets.xcassets */,
				D87D6E841FB3C85200E5BFD7 /* LaunchScreen.storyboard */,
				D87D6E871FB3C85200E5BFD7 /* Info.plist */,
				D8ABF5EE1FC39B1500562DB5 /* TableViewCellClassTableViewCell.swift */,
				D8ABF5F01FC39B2F00562DB5 /* CollectionViewCellClassCollectionViewCell.swift */,
			);
			path = "Salt Collection";
			sourceTree = "<group>";
		};
/* End PBXGroup section */

/* Begin PBXNativeTarget section */
		D87D6E771FB3C85200E5BFD7 /* Salt Collection */ = {
			isa = PBXNativeTarget;
			buildConfigurationList = D87D6E8A1FB3C85200E5BFD7 /* Build configuration list for PBXNativeTarget "Salt Collection" */;
			buildPhases = (
				10DC5DF4D97185D1FB585C33 /* [CP] Check Pods Manifest.lock */,
				D87D6E741FB3C85200E5BFD7 /* Sources */,
				D87D6E751FB3C85200E5BFD7 /* Frameworks */,
				D87D6E761FB3C85200E5BFD7 /* Resources */,
				8EEAB61522D521C388ED1FA7 /* [CP] Embed Pods Frameworks */,
				CCA8DBB818F5422F1B35877B /* [CP] Copy Pods Resources */,
			);
			buildRules = (
			);
			dependencies = (
			);
			name = "Salt Collection";
			productName = "Salt Collection";
			productReference = D87D6E781FB3C85200E5BFD7 /* Salt Collection.app */;
			productType = "com.apple.product-type.application";
		};
/* End PBXNativeTarget section */

/* Begin PBXProject section */
		D87D6E701FB3C85200E5BFD7 /* Project object */ = {
			isa = PBXProject;
			attributes = {
				LastSwiftUpdateCheck = 0900;
				LastUpgradeCheck = 0900;
				ORGANIZATIONNAME = Alyssa;
				TargetAttributes = {
					D87D6E771FB3C85200E5BFD7 = {
						CreatedOnToolsVersion = 9.0.1;
						ProvisioningStyle = Automatic;
					};
				};
			};
			buildConfigurationList = D87D6E731FB3C85200E5BFD7 /* Build configuration list for PBXProject "Salt Collection" */;
			compatibilityVersion = "Xcode 8.0";
			developmentRegion = en;
			hasScannedForEncodings = 0;
			knownRegions = (
				en,
				Base,
			);
			mainGroup = D87D6E6F1FB3C85200E5BFD7;
			productRefGroup = D87D6E791FB3C85200E5BFD7 /* Products */;
			projectDirPath = "";
			projectRoot = "";
			targets = (
				D87D6E771FB3C85200E5BFD7 /* Salt Collection */,
			);
		};
/* End PBXProject section */

/* Begin PBXResourcesBuildPhase section */
		D87D6E761FB3C85200E5BFD7 /* Resources */ = {
			isa = PBXResourcesBuildPhase;
			buildActionMask = 2147483647;
			files = (
				D87D6E861FB3C85200E5BFD7 /* LaunchScreen.storyboard in Resources */,
				D87D6E831FB3C85200E5BFD7 /* Assets.xcassets in Resources */,
				D87D6E811FB3C85200E5BFD7 /* Main.storyboard in Resources */,
			);
			runOnlyForDeploymentPostprocessing = 0;
		};
/* End PBXResourcesBuildPhase section */

/* Begin PBXShellScriptBuildPhase section */
		10DC5DF4D97185D1FB585C33 /* [CP] Check Pods Manifest.lock */ = {
			isa = PBXShellScriptBuildPhase;
			buildActionMask = 2147483647;
			files = (
			);
			inputPaths = (
				"${PODS_PODFILE_DIR_PATH}/Podfile.lock",
				"${PODS_ROOT}/Manifest.lock",
			);
			name = "[CP] Check Pods Manifest.lock";
			outputPaths = (
				"$(DERIVED_FILE_DIR)/Pods-Salt Collection-checkManifestLockResult.txt",
			);
			runOnlyForDeploymentPostprocessing = 0;
			shellPath = /bin/sh;
			shellScript = "diff \"${PODS_PODFILE_DIR_PATH}/Podfile.lock\" \"${PODS_ROOT}/Manifest.lock\" > /dev/null\nif [ $? != 0 ] ; then\n    # print error to STDERR\n    echo \"error: The sandbox is not in sync with the Podfile.lock. Run 'pod install' or update your CocoaPods installation.\" >&2\n    exit 1\nfi\n# This output is used by Xcode 'outputs' to avoid re-running this script phase.\necho \"SUCCESS\" > \"${SCRIPT_OUTPUT_FILE_0}\"\n";
			showEnvVarsInLog = 0;
		};
		8EEAB61522D521C388ED1FA7 /* [CP] Embed Pods Frameworks */ = {
			isa = PBXShellScriptBuildPhase;
			buildActionMask = 2147483647;
			files = (
			);
			inputPaths = (
				"${SRCROOT}/Pods/Target Support Files/Pods-Salt Collection/Pods-Salt Collection-frameworks.sh",
				"${BUILT_PRODUCTS_DIR}/SnapKit/SnapKit.framework",
			);
			name = "[CP] Embed Pods Frameworks";
			outputPaths = (
				"${TARGET_BUILD_DIR}/${FRAMEWORKS_FOLDER_PATH}/SnapKit.framework",
			);
			runOnlyForDeploymentPostprocessing = 0;
			shellPath = /bin/sh;
			shellScript = "\"${SRCROOT}/Pods/Target Support Files/Pods-Salt Collection/Pods-Salt Collection-frameworks.sh\"\n";
			showEnvVarsInLog = 0;
		};
		CCA8DBB818F5422F1B35877B /* [CP] Copy Pods Resources */ = {
			isa = PBXShellScriptBuildPhase;
			buildActionMask = 2147483647;
			files = (
			);
			inputPaths = (
			);
			name = "[CP] Copy Pods Resources";
			outputPaths = (
			);
			runOnlyForDeploymentPostprocessing = 0;
			shellPath = /bin/sh;
			shellScript = "\"${SRCROOT}/Pods/Target Support Files/Pods-Salt Collection/Pods-Salt Collection-resources.sh\"\n";
			showEnvVarsInLog = 0;
		};
/* End PBXShellScriptBuildPhase section */

/* Begin PBXSourcesBuildPhase section */
		D87D6E741FB3C85200E5BFD7 /* Sources */ = {
			isa = PBXSourcesBuildPhase;
			buildActionMask = 2147483647;
			files = (
				D87D6E7E1FB3C85200E5BFD7 /* ViewController.swift in Sources */,
				D87D6E7C1FB3C85200E5BFD7 /* AppDelegate.swift in Sources */,
				D8ABF5F11FC39B2F00562DB5 /* CollectionViewCellClassCollectionViewCell.swift in Sources */,
				D8ABF5EF1FC39B1500562DB5 /* TableViewCellClassTableViewCell.swift in Sources */,
			);
			runOnlyForDeploymentPostprocessing = 0;
		};
/* End PBXSourcesBuildPhase section */

/* Begin PBXVariantGroup section */
		D87D6E7F1FB3C85200E5BFD7 /* Main.storyboard */ = {
			isa = PBXVariantGroup;
			children = (
				D87D6E801FB3C85200E5BFD7 /* Base */,
			);
			name = Main.storyboard;
			sourceTree = "<group>";
		};
		D87D6E841FB3C85200E5BFD7 /* LaunchScreen.storyboard */ = {
			isa = PBXVariantGroup;
			children = (
				D87D6E851FB3C85200E5BFD7 /* Base */,
			);
			name = LaunchScreen.storyboard;
			sourceTree = "<group>";
		};
/* End PBXVariantGroup section */

/* Begin XCBuildConfiguration section */
		D87D6E881FB3C85200E5BFD7 /* Debug */ = {
			isa = XCBuildConfiguration;
			buildSettings = {
				ALWAYS_SEARCH_USER_PATHS = NO;
				CLANG_ANALYZER_NONNULL = YES;
				CLANG_ANALYZER_NUMBER_OBJECT_CONVERSION = YES_AGGRESSIVE;
				CLANG_CXX_LANGUAGE_STANDARD = "gnu++14";
				CLANG_CXX_LIBRARY = "libc++";
				CLANG_ENABLE_MODULES = YES;
				CLANG_ENABLE_OBJC_ARC = YES;
				CLANG_WARN_BLOCK_CAPTURE_AUTORELEASING = YES;
				CLANG_WARN_BOOL_CONVERSION = YES;
				CLANG_WARN_COMMA = YES;
				CLANG_WARN_CONSTANT_CONVERSION = YES;
				CLANG_WARN_DIRECT_OBJC_ISA_USAGE = YES_ERROR;
				CLANG_WARN_DOCUMENTATION_COMMENTS = YES;
				CLANG_WARN_EMPTY_BODY = YES;
				CLANG_WARN_ENUM_CONVERSION = YES;
				CLANG_WARN_INFINITE_RECURSION = YES;
				CLANG_WARN_INT_CONVERSION = YES;
				CLANG_WARN_NON_LITERAL_NULL_CONVERSION = YES;
				CLANG_WARN_OBJC_LITERAL_CONVERSION = YES;
				CLANG_WARN_OBJC_ROOT_CLASS = YES_ERROR;
				CLANG_WARN_RANGE_LOOP_ANALYSIS = YES;
				CLANG_WARN_STRICT_PROTOTYPES = YES;
				CLANG_WARN_SUSPICIOUS_MOVE = YES;
				CLANG_WARN_UNGUARDED_AVAILABILITY = YES_AGGRESSIVE;
				CLANG_WARN_UNREACHABLE_CODE = YES;
				CLANG_WARN__DUPLICATE_METHOD_MATCH = YES;
				CODE_SIGN_IDENTITY = "iPhone Developer";
				COPY_PHASE_STRIP = NO;
				DEBUG_INFORMATION_FORMAT = dwarf;
				ENABLE_STRICT_OBJC_MSGSEND = YES;
				ENABLE_TESTABILITY = YES;
				GCC_C_LANGUAGE_STANDARD = gnu11;
				GCC_DYNAMIC_NO_PIC = NO;
				GCC_NO_COMMON_BLOCKS = YES;
				GCC_OPTIMIZATION_LEVEL = 0;
				GCC_PREPROCESSOR_DEFINITIONS = (
					"DEBUG=1",
					"$(inherited)",
				);
				GCC_WARN_64_TO_32_BIT_CONVERSION = YES;
				GCC_WARN_ABOUT_RETURN_TYPE = YES_ERROR;
				GCC_WARN_UNDECLARED_SELECTOR = YES;
				GCC_WARN_UNINITIALIZED_AUTOS = YES_AGGRESSIVE;
				GCC_WARN_UNUSED_FUNCTION = YES;
				GCC_WARN_UNUSED_VARIABLE = YES;
				IPHONEOS_DEPLOYMENT_TARGET = 11.0;
				MTL_ENABLE_DEBUG_INFO = YES;
				ONLY_ACTIVE_ARCH = YES;
				SDKROOT = iphoneos;
				SWIFT_ACTIVE_COMPILATION_CONDITIONS = DEBUG;
				SWIFT_OPTIMIZATION_LEVEL = "-Onone";
			};
			name = Debug;
		};
		D87D6E891FB3C85200E5BFD7 /* Release */ = {
			isa = XCBuildConfiguration;
			buildSettings = {
				ALWAYS_SEARCH_USER_PATHS = NO;
				CLANG_ANALYZER_NONNULL = YES;
				CLANG_ANALYZER_NUMBER_OBJECT_CONVERSION = YES_AGGRESSIVE;
				CLANG_CXX_LANGUAGE_STANDARD = "gnu++14";
				CLANG_CXX_LIBRARY = "libc++";
				CLANG_ENABLE_MODULES = YES;
				CLANG_ENABLE_OBJC_ARC = YES;
				CLANG_WARN_BLOCK_CAPTURE_AUTORELEASING = YES;
				CLANG_WARN_BOOL_CONVERSION = YES;
				CLANG_WARN_COMMA = YES;
				CLANG_WARN_CONSTANT_CONVERSION = YES;
				CLANG_WARN_DIRECT_OBJC_ISA_USAGE = YES_ERROR;
				CLANG_WARN_DOCUMENTATION_COMMENTS = YES;
				CLANG_WARN_EMPTY_BODY = YES;
				CLANG_WARN_ENUM_CONVERSION = YES;
				CLANG_WARN_INFINITE_RECURSION = YES;
				CLANG_WARN_INT_CONVERSION = YES;
				CLANG_WARN_NON_LITERAL_NULL_CONVERSION = YES;
				CLANG_WARN_OBJC_LITERAL_CONVERSION = YES;
				CLANG_WARN_OBJC_ROOT_CLASS = YES_ERROR;
				CLANG_WARN_RANGE_LOOP_ANALYSIS = YES;
				CLANG_WARN_STRICT_PROTOTYPES = YES;
				CLANG_WARN_SUSPICIOUS_MOVE = YES;
				CLANG_WARN_UNGUARDED_AVAILABILITY = YES_AGGRESSIVE;
				CLANG_WARN_UNREACHABLE_CODE = YES;
				CLANG_WARN__DUPLICATE_METHOD_MATCH = YES;
				CODE_SIGN_IDENTITY = "iPhone Developer";
				COPY_PHASE_STRIP = NO;
				DEBUG_INFORMATION_FORMAT = "dwarf-with-dsym";
				ENABLE_NS_ASSERTIONS = NO;
				ENABLE_STRICT_OBJC_MSGSEND = YES;
				GCC_C_LANGUAGE_STANDARD = gnu11;
				GCC_NO_COMMON_BLOCKS = YES;
				GCC_WARN_64_TO_32_BIT_CONVERSION = YES;
				GCC_WARN_ABOUT_RETURN_TYPE = YES_ERROR;
				GCC_WARN_UNDECLARED_SELECTOR = YES;
				GCC_WARN_UNINITIALIZED_AUTOS = YES_AGGRESSIVE;
				GCC_WARN_UNUSED_FUNCTION = YES;
				GCC_WARN_UNUSED_VARIABLE = YES;
				IPHONEOS_DEPLOYMENT_TARGET = 11.0;
				MTL_ENABLE_DEBUG_INFO = NO;
				SDKROOT = iphoneos;
				SWIFT_OPTIMIZATION_LEVEL = "-Owholemodule";
				VALIDATE_PRODUCT = YES;
			};
			name = Release;
		};
		D87D6E8B1FB3C85200E5BFD7 /* Debug */ = {
			isa = XCBuildConfiguration;
			baseConfigurationReference = 5931E71D2A057D0CD09F45F0 /* Pods-Salt Collection.debug.xcconfig */;
			buildSettings = {
				ASSETCATALOG_COMPILER_APPICON_NAME = AppIcon;
				CODE_SIGN_STYLE = Automatic;
				DEVELOPMENT_TEAM = 29X2299Q3K;
				INFOPLIST_FILE = "Salt Collection/Info.plist";
				LD_RUNPATH_SEARCH_PATHS = "$(inherited) @executable_path/Frameworks";
				PRODUCT_BUNDLE_IDENTIFIER = "saltcollection.Salt-Collection";
				PRODUCT_NAME = "$(TARGET_NAME)";
				SWIFT_VERSION = 4.0;
				TARGETED_DEVICE_FAMILY = "1,2";
			};
			name = Debug;
		};
		D87D6E8C1FB3C85200E5BFD7 /* Release */ = {
			isa = XCBuildConfiguration;
			baseConfigurationReference = 9F23D5AED551439C819B6E7D /* Pods-Salt Collection.release.xcconfig */;
			buildSettings = {
				ASSETCATALOG_COMPILER_APPICON_NAME = AppIcon;
				CODE_SIGN_STYLE = Automatic;
				DEVELOPMENT_TEAM = 29X2299Q3K;
				INFOPLIST_FILE = "Salt Collection/Info.plist";
				LD_RUNPATH_SEARCH_PATHS = "$(inherited) @executable_path/Frameworks";
				PRODUCT_BUNDLE_IDENTIFIER = "saltcollection.Salt-Collection";
				PRODUCT_NAME = "$(TARGET_NAME)";
				SWIFT_VERSION = 4.0;
				TARGETED_DEVICE_FAMILY = "1,2";
			};
			name = Release;
		};
/* End XCBuildConfiguration section */

/* Begin XCConfigurationList section */
		D87D6E731FB3C85200E5BFD7 /* Build configuration list for PBXProject "Salt Collection" */ = {
			isa = XCConfigurationList;
			buildConfigurations = (
				D87D6E881FB3C85200E5BFD7 /* Debug */,
				D87D6E891FB3C85200E5BFD7 /* Release */,
			);
			defaultConfigurationIsVisible = 0;
			defaultConfigurationName = Release;
		};
		D87D6E8A1FB3C85200E5BFD7 /* Build configuration list for PBXNativeTarget "Salt Collection" */ = {
			isa = XCConfigurationList;
			buildConfigurations = (
				D87D6E8B1FB3C85200E5BFD7 /* Debug */,
				D87D6E8C1FB3C85200E5BFD7 /* Release */,
			);
			defaultConfigurationIsVisible = 0;
			defaultConfigurationName = Release;
		};
/* End XCConfigurationList section */
	};
	rootObject = D87D6E701FB3C85200E5BFD7 /* Project object */;
}
